
Microsoft Visual Studio Solution File, Format Version 12.00
# Visual Studio 15
VisualStudioVersion = 15.0.26730.8
MinimumVisualStudioVersion = 10.0.40219.1
Project("{FAE04EC0-301F-11D3-BF4B-00C04F79EFBC}") = "VidPlace", "VidPlace\VidPlace.csproj", "{662582E2-559F-4108-95E9-87EAEB372FB4}"
EndProject
Project("{FAE04EC0-301F-11D3-BF4B-00C04F79EFBC}") = "VidPlace.Tests", "VidPlace.Tests\VidPlace.Tests.csproj", "{BF8AB9DA-6F3B-4B51-BD0B-202F09D10B78}"
EndProject
Global
	GlobalSection(SolutionConfigurationPlatforms) = preSolution
		Debug|Any CPU = Debug|Any CPU
		Release|Any CPU = Release|Any CPU
	EndGlobalSection
	GlobalSection(ProjectConfigurationPlatforms) = postSolution
		{662582E2-559F-4108-95E9-87EAEB372FB4}.Debug|Any CPU.ActiveCfg = Debug|Any CPU
		{662582E2-559F-4108-95E9-87EAEB372FB4}.Debug|Any CPU.Build.0 = Debug|Any CPU
		{662582E2-559F-4108-95E9-87EAEB372FB4}.Release|Any CPU.ActiveCfg = Release|Any CPU
		{662582E2-559F-4108-95E9-87EAEB372FB4}.Release|Any CPU.Build.0 = Release|Any CPU
		{BF8AB9DA-6F3B-4B51-BD0B-202F09D10B78}.Debug|Any CPU.ActiveCfg = Debug|Any CPU
		{BF8AB9DA-6F3B-4B51-BD0B-202F09D10B78}.Debug|Any CPU.Build.0 = Debug|Any CPU
		{BF8AB9DA-6F3B-4B51-BD0B-202F09D10B78}.Release|Any CPU.ActiveCfg = Release|Any CPU
		{BF8AB9DA-6F3B-4B51-BD0B-202F09D10B78}.Release|Any CPU.Build.0 = Release|Any CPU
	EndGlobalSection
	GlobalSection(SolutionProperties) = preSolution
		HideSolutionNode = FALSE
	EndGlobalSection
	GlobalSection(ExtensibilityGlobals) = postSolution
		SolutionGuid = {B4987E3E-2191-4673-ABFF-489C3BFECB63}
	EndGlobalSection
EndGlobal
