
Microsoft Visual Studio Solution File, Format Version 12.00
# Visual Studio 15
VisualStudioVersion = 15.0.26730.8
MinimumVisualStudioVersion = 10.0.40219.1
Project("{FAE04EC0-301F-11D3-BF4B-00C04F79EFBC}") = "UsersInformation", "UsersInformation\UsersInformation.csproj", "{69D1D600-97DB-4085-8940-1DEB08CC3DAF}"
EndProject
Global
	GlobalSection(SolutionConfigurationPlatforms) = preSolution
		Debug|Any CPU = Debug|Any CPU
		Release|Any CPU = Release|Any CPU
	EndGlobalSection
	GlobalSection(ProjectConfigurationPlatforms) = postSolution
		{69D1D600-97DB-4085-8940-1DEB08CC3DAF}.Debug|Any CPU.ActiveCfg = Debug|Any CPU
		{69D1D600-97DB-4085-8940-1DEB08CC3DAF}.Debug|Any CPU.Build.0 = Debug|Any CPU
		{69D1D600-97DB-4085-8940-1DEB08CC3DAF}.Release|Any CPU.ActiveCfg = Release|Any CPU
		{69D1D600-97DB-4085-8940-1DEB08CC3DAF}.Release|Any CPU.Build.0 = Release|Any CPU
	EndGlobalSection
	GlobalSection(SolutionProperties) = preSolution
		HideSolutionNode = FALSE
	EndGlobalSection
	GlobalSection(ExtensibilityGlobals) = postSolution
		SolutionGuid = {166F6530-77EB-480B-8BF9-8FA4010A481A}
	EndGlobalSection
EndGlobal
